
Microsoft Visual Studio Solution File, Format Version 12.00
# Visual Studio 14
VisualStudioVersion = 14.0.24720.0
MinimumVisualStudioVersion = 10.0.40219.1
Project("{FAE04EC0-301F-11D3-BF4B-00C04F79EFBC}") = "Vacuum", "src\Vacuum\Vacuum.csproj", "{343E442B-564B-47C0-8618-E8CF16EB57C1}"
EndProject
Project("{FAE04EC0-301F-11D3-BF4B-00C04F79EFBC}") = "Vacuum.Core", "src\Vacuum.Core\Vacuum.Core.csproj", "{FE81534F-87B3-483F-84AF-26ED2AA37C5E}"
EndProject
Project("{FAE04EC0-301F-11D3-BF4B-00C04F79EFBC}") = "Vacuum.Core.Spec", "specs\Vacuum.Core.Spec\Vacuum.Core.Spec.csproj", "{2EF1F22C-4B0B-48A3-8430-8E67D83D5B3E}"
EndProject
Project("{2150E333-8FDC-42A3-9474-1A3956D46DE8}") = ".nuget", ".nuget", "{3F42F13D-BFFE-45D6-B622-E66EE9F73C00}"
	ProjectSection(SolutionItems) = preProject
		.nuget\NuGet.Config = .nuget\NuGet.Config
		.nuget\NuGet.exe = .nuget\NuGet.exe
		.nuget\NuGet.targets = .nuget\NuGet.targets
	EndProjectSection
EndProject
Project("{FAE04EC0-301F-11D3-BF4B-00C04F79EFBC}") = "Vacuum.Spec", "specs\Vacuum.Spec\Vacuum.Spec.csproj", "{6E01D74B-DF8A-4160-90B9-648209DD1B2E}"
EndProject
Global
	GlobalSection(SolutionConfigurationPlatforms) = preSolution
		Debug|Any CPU = Debug|Any CPU
		Release|Any CPU = Release|Any CPU
	EndGlobalSection
	GlobalSection(ProjectConfigurationPlatforms) = postSolution
		{343E442B-564B-47C0-8618-E8CF16EB57C1}.Debug|Any CPU.ActiveCfg = Debug|Any CPU
		{343E442B-564B-47C0-8618-E8CF16EB57C1}.Debug|Any CPU.Build.0 = Debug|Any CPU
		{343E442B-564B-47C0-8618-E8CF16EB57C1}.Release|Any CPU.ActiveCfg = Release|Any CPU
		{343E442B-564B-47C0-8618-E8CF16EB57C1}.Release|Any CPU.Build.0 = Release|Any CPU
		{FE81534F-87B3-483F-84AF-26ED2AA37C5E}.Debug|Any CPU.ActiveCfg = Debug|Any CPU
		{FE81534F-87B3-483F-84AF-26ED2AA37C5E}.Debug|Any CPU.Build.0 = Debug|Any CPU
		{FE81534F-87B3-483F-84AF-26ED2AA37C5E}.Release|Any CPU.ActiveCfg = Release|Any CPU
		{FE81534F-87B3-483F-84AF-26ED2AA37C5E}.Release|Any CPU.Build.0 = Release|Any CPU
		{2EF1F22C-4B0B-48A3-8430-8E67D83D5B3E}.Debug|Any CPU.ActiveCfg = Debug|Any CPU
		{2EF1F22C-4B0B-48A3-8430-8E67D83D5B3E}.Debug|Any CPU.Build.0 = Debug|Any CPU
		{2EF1F22C-4B0B-48A3-8430-8E67D83D5B3E}.Release|Any CPU.ActiveCfg = Release|Any CPU
		{2EF1F22C-4B0B-48A3-8430-8E67D83D5B3E}.Release|Any CPU.Build.0 = Release|Any CPU
		{6E01D74B-DF8A-4160-90B9-648209DD1B2E}.Debug|Any CPU.ActiveCfg = Debug|Any CPU
		{6E01D74B-DF8A-4160-90B9-648209DD1B2E}.Debug|Any CPU.Build.0 = Debug|Any CPU
		{6E01D74B-DF8A-4160-90B9-648209DD1B2E}.Release|Any CPU.ActiveCfg = Release|Any CPU
		{6E01D74B-DF8A-4160-90B9-648209DD1B2E}.Release|Any CPU.Build.0 = Release|Any CPU
	EndGlobalSection
	GlobalSection(SolutionProperties) = preSolution
		HideSolutionNode = FALSE
	EndGlobalSection
EndGlobal
